
Microsoft Visual Studio Solution File, Format Version 11.00
# Visual Studio 2010
Project("{FAE04EC0-301F-11D3-BF4B-00C04F79EFBC}") = "ChanGenTool", "ChanGenTool\ChanGenTool.csproj", "{83A2797B-0213-45EB-A77F-B048D10304D7}"
EndProject
Project("{FAE04EC0-301F-11D3-BF4B-00C04F79EFBC}") = "MyControl", "MyControl\MyControl.csproj", "{E67FF4CB-BBA5-4476-978F-86CB2E289E3C}"
EndProject
Global
	GlobalSection(SolutionConfigurationPlatforms) = preSolution
		Debug|Any CPU = Debug|Any CPU
		Debug|Mixed Platforms = Debug|Mixed Platforms
		Debug|x86 = Debug|x86
		Release|Any CPU = Release|Any CPU
		Release|Mixed Platforms = Release|Mixed Platforms
		Release|x86 = Release|x86
	EndGlobalSection
	GlobalSection(ProjectConfigurationPlatforms) = postSolution
		{83A2797B-0213-45EB-A77F-B048D10304D7}.Debug|Any CPU.ActiveCfg = Debug|x64
		{83A2797B-0213-45EB-A77F-B048D10304D7}.Debug|Mixed Platforms.ActiveCfg = Debug|x86
		{83A2797B-0213-45EB-A77F-B048D10304D7}.Debug|Mixed Platforms.Build.0 = Debug|x86
		{83A2797B-0213-45EB-A77F-B048D10304D7}.Debug|x86.ActiveCfg = Debug|x86
		{83A2797B-0213-45EB-A77F-B048D10304D7}.Debug|x86.Build.0 = Debug|x86
		{83A2797B-0213-45EB-A77F-B048D10304D7}.Release|Any CPU.ActiveCfg = Release|x64
		{83A2797B-0213-45EB-A77F-B048D10304D7}.Release|Mixed Platforms.ActiveCfg = Release|x86
		{83A2797B-0213-45EB-A77F-B048D10304D7}.Release|Mixed Platforms.Build.0 = Release|x86
		{83A2797B-0213-45EB-A77F-B048D10304D7}.Release|x86.ActiveCfg = Release|x86
		{83A2797B-0213-45EB-A77F-B048D10304D7}.Release|x86.Build.0 = Release|x86
		{E67FF4CB-BBA5-4476-978F-86CB2E289E3C}.Debug|Any CPU.ActiveCfg = Debug|Any CPU
		{E67FF4CB-BBA5-4476-978F-86CB2E289E3C}.Debug|Any CPU.Build.0 = Debug|Any CPU
		{E67FF4CB-BBA5-4476-978F-86CB2E289E3C}.Debug|Mixed Platforms.ActiveCfg = Debug|Any CPU
		{E67FF4CB-BBA5-4476-978F-86CB2E289E3C}.Debug|x86.ActiveCfg = Debug|Any CPU
		{E67FF4CB-BBA5-4476-978F-86CB2E289E3C}.Release|Any CPU.ActiveCfg = Release|Any CPU
		{E67FF4CB-BBA5-4476-978F-86CB2E289E3C}.Release|Any CPU.Build.0 = Release|Any CPU
		{E67FF4CB-BBA5-4476-978F-86CB2E289E3C}.Release|Mixed Platforms.ActiveCfg = Release|Any CPU
		{E67FF4CB-BBA5-4476-978F-86CB2E289E3C}.Release|x86.ActiveCfg = Release|Any CPU
	EndGlobalSection
	GlobalSection(SolutionProperties) = preSolution
		HideSolutionNode = FALSE
	EndGlobalSection
EndGlobal
